// !$*UTF8*$!
{
	archiveVersion = 1;
	classes = {
	};
	objectVersion = 48;
	objects = {

/* Begin PBXBuildFile section */
		C14DF7DE202A6A9900C449B6 /* main.cpp in Sources */ = {isa = PBXBuildFile; fileRef = C14DF7DD202A6A9900C449B6 /* main.cpp */; };
		C14DF7ED202A6B5100C449B6 /* Cube.cpp in Sources */ = {isa = PBXBuildFile; fileRef = C14DF7E7202A6B5100C449B6 /* Cube.cpp */; };
		C14DF7EE202A6B5100C449B6 /* Window.cpp in Sources */ = {isa = PBXBuildFile; fileRef = C14DF7EB202A6B5100C449B6 /* Window.cpp */; };
		C14DF7EF202A6B5100C449B6 /* shader.cpp in Sources */ = {isa = PBXBuildFile; fileRef = C14DF7EC202A6B5100C449B6 /* shader.cpp */; };
		C14DF7F4202A6BD300C449B6 /* OpenGL.framework in Frameworks */ = {isa = PBXBuildFile; fileRef = C14DF7F3202A6BCA00C449B6 /* OpenGL.framework */; };
		C14DF7F6202A6C1300C449B6 /* libglfw.3.2.dylib in Frameworks */ = {isa = PBXBuildFile; fileRef = C14DF7F5202A6C1300C449B6 /* libglfw.3.2.dylib */; };
		C14DF7F9202A727E00C449B6 /* OBJObject.cpp in Sources */ = {isa = PBXBuildFile; fileRef = C14DF7F8202A727E00C449B6 /* OBJObject.cpp */; };
/* End PBXBuildFile section */

/* Begin PBXCopyFilesBuildPhase section */
		C14DF7D8202A6A9900C449B6 /* CopyFiles */ = {
			isa = PBXCopyFilesBuildPhase;
			buildActionMask = 2147483647;
			dstPath = /usr/share/man/man1/;
			dstSubfolderSpec = 0;
			files = (
			);
			runOnlyForDeploymentPostprocessing = 1;
		};
/* End PBXCopyFilesBuildPhase section */

/* Begin PBXFileReference section */
		C10A84C42057762D003A6336 /* model.obj */ = {isa = PBXFileReference; fileEncoding = 4; lastKnownFileType = text; path = model.obj; sourceTree = "<group>"; };
		C14DF7DA202A6A9900C449B6 /* Assignment2 */ = {isa = PBXFileReference; explicitFileType = "compiled.mach-o.executable"; includeInIndex = 0; path = Assignment2; sourceTree = BUILT_PRODUCTS_DIR; };
		C14DF7DD202A6A9900C449B6 /* main.cpp */ = {isa = PBXFileReference; lastKnownFileType = sourcecode.cpp.cpp; path = main.cpp; sourceTree = "<group>"; };
		C14DF7E4202A6B5100C449B6 /* Cube.h */ = {isa = PBXFileReference; fileEncoding = 4; lastKnownFileType = sourcecode.c.h; path = Cube.h; sourceTree = "<group>"; };
		C14DF7E5202A6B5100C449B6 /* shader.vert */ = {isa = PBXFileReference; fileEncoding = 4; lastKnownFileType = sourcecode.glsl; path = shader.vert; sourceTree = "<group>"; };
		C14DF7E6202A6B5100C449B6 /* shader.frag */ = {isa = PBXFileReference; fileEncoding = 4; lastKnownFileType = sourcecode.glsl; path = shader.frag; sourceTree = "<group>"; };
		C14DF7E7202A6B5100C449B6 /* Cube.cpp */ = {isa = PBXFileReference; fileEncoding = 4; lastKnownFileType = sourcecode.cpp.cpp; path = Cube.cpp; sourceTree = "<group>"; };
		C14DF7E8202A6B5100C449B6 /* main.h */ = {isa = PBXFileReference; fileEncoding = 4; lastKnownFileType = sourcecode.c.h; path = main.h; sourceTree = "<group>"; };
		C14DF7E9202A6B5100C449B6 /* shader.h */ = {isa = PBXFileReference; fileEncoding = 4; lastKnownFileType = sourcecode.c.h; path = shader.h; sourceTree = "<group>"; };
		C14DF7EA202A6B5100C449B6 /* Window.h */ = {isa = PBXFileReference; fileEncoding = 4; lastKnownFileType = sourcecode.c.h; path = Window.h; sourceTree = "<group>"; };
		C14DF7EB202A6B5100C449B6 /* Window.cpp */ = {isa = PBXFileReference; fileEncoding = 4; lastKnownFileType = sourcecode.cpp.cpp; path = Window.cpp; sourceTree = "<group>"; };
		C14DF7EC202A6B5100C449B6 /* shader.cpp */ = {isa = PBXFileReference; fileEncoding = 4; lastKnownFileType = sourcecode.cpp.cpp; path = shader.cpp; sourceTree = "<group>"; };
		C14DF7F0202A6B5B00C449B6 /* GLFWStarterProject */ = {isa = PBXFileReference; lastKnownFileType = folder; path = GLFWStarterProject; sourceTree = "<group>"; };
		C14DF7F1202A6B5B00C449B6 /* GLFWStarterProject.sln */ = {isa = PBXFileReference; fileEncoding = 4; lastKnownFileType = text; path = GLFWStarterProject.sln; sourceTree = "<group>"; };
		C14DF7F3202A6BCA00C449B6 /* OpenGL.framework */ = {isa = PBXFileReference; lastKnownFileType = wrapper.framework; name = OpenGL.framework; path = System/Library/Frameworks/OpenGL.framework; sourceTree = SDKROOT; };
		C14DF7F5202A6C1300C449B6 /* libglfw.3.2.dylib */ = {isa = PBXFileReference; lastKnownFileType = "compiled.mach-o.dylib"; name = libglfw.3.2.dylib; path = "../../../../../Developer/glfw-3.2.1/src/libglfw.3.2.dylib"; sourceTree = "<group>"; };
		C14DF7F7202A727E00C449B6 /* OBJObject.h */ = {isa = PBXFileReference; fileEncoding = 4; lastKnownFileType = sourcecode.c.h; path = OBJObject.h; sourceTree = "<group>"; };
		C14DF7F8202A727E00C449B6 /* OBJObject.cpp */ = {isa = PBXFileReference; fileEncoding = 4; lastKnownFileType = sourcecode.cpp.cpp; path = OBJObject.cpp; sourceTree = "<group>"; };
		C14DF7FA202A7EDE00C449B6 /* dragon.obj */ = {isa = PBXFileReference; fileEncoding = 4; lastKnownFileType = text; path = dragon.obj; sourceTree = "<group>"; };
		C14DF7FB202A7EDE00C449B6 /* bear.obj */ = {isa = PBXFileReference; fileEncoding = 4; lastKnownFileType = text; path = bear.obj; sourceTree = "<group>"; };
		C14DF7FC202A7EDE00C449B6 /* bunny.obj */ = {isa = PBXFileReference; fileEncoding = 4; lastKnownFileType = text; path = bunny.obj; sourceTree = "<group>"; };
		C1E175962036AF49001B83BA /* cone.obj */ = {isa = PBXFileReference; fileEncoding = 4; lastKnownFileType = text; path = cone.obj; sourceTree = "<group>"; };
		C1E175972036AF49001B83BA /* sphere.obj */ = {isa = PBXFileReference; fileEncoding = 4; lastKnownFileType = text; path = sphere.obj; sourceTree = "<group>"; };
/* End PBXFileReference section */

/* Begin PBXFrameworksBuildPhase section */
		C14DF7D7202A6A9900C449B6 /* Frameworks */ = {
			isa = PBXFrameworksBuildPhase;
			buildActionMask = 2147483647;
			files = (
				C14DF7F6202A6C1300C449B6 /* libglfw.3.2.dylib in Frameworks */,
				C14DF7F4202A6BD300C449B6 /* OpenGL.framework in Frameworks */,
			);
			runOnlyForDeploymentPostprocessing = 0;
		};
/* End PBXFrameworksBuildPhase section */

/* Begin PBXGroup section */
		C14DF7D1202A6A9900C449B6 = {
			isa = PBXGroup;
			children = (
				C14DF7DC202A6A9900C449B6 /* Assignment2 */,
				C14DF7DB202A6A9900C449B6 /* Products */,
				C14DF7F2202A6BCA00C449B6 /* Frameworks */,
			);
			sourceTree = "<group>";
		};
		C14DF7DB202A6A9900C449B6 /* Products */ = {
			isa = PBXGroup;
			children = (
				C14DF7DA202A6A9900C449B6 /* Assignment2 */,
			);
			name = Products;
			sourceTree = "<group>";
		};
		C14DF7DC202A6A9900C449B6 /* Assignment2 */ = {
			isa = PBXGroup;
			children = (
				C10A84C42057762D003A6336 /* model.obj */,
				C1E175962036AF49001B83BA /* cone.obj */,
				C1E175972036AF49001B83BA /* sphere.obj */,
				C14DF7FB202A7EDE00C449B6 /* bear.obj */,
				C14DF7FC202A7EDE00C449B6 /* bunny.obj */,
				C14DF7FA202A7EDE00C449B6 /* dragon.obj */,
				C14DF7F8202A727E00C449B6 /* OBJObject.cpp */,
				C14DF7F7202A727E00C449B6 /* OBJObject.h */,
				C14DF7F0202A6B5B00C449B6 /* GLFWStarterProject */,
				C14DF7F1202A6B5B00C449B6 /* GLFWStarterProject.sln */,
				C14DF7E7202A6B5100C449B6 /* Cube.cpp */,
				C14DF7E4202A6B5100C449B6 /* Cube.h */,
				C14DF7E8202A6B5100C449B6 /* main.h */,
				C14DF7EC202A6B5100C449B6 /* shader.cpp */,
				C14DF7E6202A6B5100C449B6 /* shader.frag */,
				C14DF7E9202A6B5100C449B6 /* shader.h */,
				C14DF7E5202A6B5100C449B6 /* shader.vert */,
				C14DF7EB202A6B5100C449B6 /* Window.cpp */,
				C14DF7EA202A6B5100C449B6 /* Window.h */,
				C14DF7DD202A6A9900C449B6 /* main.cpp */,
			);
			path = Assignment2;
			sourceTree = "<group>";
		};
		C14DF7F2202A6BCA00C449B6 /* Frameworks */ = {
			isa = PBXGroup;
			children = (
				C14DF7F5202A6C1300C449B6 /* libglfw.3.2.dylib */,
				C14DF7F3202A6BCA00C449B6 /* OpenGL.framework */,
			);
			name = Frameworks;
			sourceTree = "<group>";
		};
/* End PBXGroup section */

/* Begin PBXNativeTarget section */
		C14DF7D9202A6A9900C449B6 /* Assignment2 */ = {
			isa = PBXNativeTarget;
			buildConfigurationList = C14DF7E1202A6A9900C449B6 /* Build configuration list for PBXNativeTarget "Assignment2" */;
			buildPhases = (
				C14DF7D6202A6A9900C449B6 /* Sources */,
				C14DF7D7202A6A9900C449B6 /* Frameworks */,
				C14DF7D8202A6A9900C449B6 /* CopyFiles */,
			);
			buildRules = (
			);
			dependencies = (
			);
			name = Assignment2;
			productName = Assignment2;
			productReference = C14DF7DA202A6A9900C449B6 /* Assignment2 */;
			productType = "com.apple.product-type.tool";
		};
/* End PBXNativeTarget section */

/* Begin PBXProject section */
		C14DF7D2202A6A9900C449B6 /* Project object */ = {
			isa = PBXProject;
			attributes = {
				LastUpgradeCheck = 0910;
				ORGANIZATIONNAME = "Luke Rohrer";
				TargetAttributes = {
					C14DF7D9202A6A9900C449B6 = {
						CreatedOnToolsVersion = 9.1;
						ProvisioningStyle = Automatic;
					};
				};
			};
			buildConfigurationList = C14DF7D5202A6A9900C449B6 /* Build configuration list for PBXProject "Assignment2" */;
			compatibilityVersion = "Xcode 8.0";
			developmentRegion = en;
			hasScannedForEncodings = 0;
			knownRegions = (
				en,
			);
			mainGroup = C14DF7D1202A6A9900C449B6;
			productRefGroup = C14DF7DB202A6A9900C449B6 /* Products */;
			projectDirPath = "";
			projectRoot = "";
			targets = (
				C14DF7D9202A6A9900C449B6 /* Assignment2 */,
			);
		};
/* End PBXProject section */

/* Begin PBXSourcesBuildPhase section */
		C14DF7D6202A6A9900C449B6 /* Sources */ = {
			isa = PBXSourcesBuildPhase;
			buildActionMask = 2147483647;
			files = (
				C14DF7ED202A6B5100C449B6 /* Cube.cpp in Sources */,
				C14DF7EE202A6B5100C449B6 /* Window.cpp in Sources */,
				C14DF7EF202A6B5100C449B6 /* shader.cpp in Sources */,
				C14DF7F9202A727E00C449B6 /* OBJObject.cpp in Sources */,
				C14DF7DE202A6A9900C449B6 /* main.cpp in Sources */,
			);
			runOnlyForDeploymentPostprocessing = 0;
		};
/* End PBXSourcesBuildPhase section */

/* Begin XCBuildConfiguration section */
		C14DF7DF202A6A9900C449B6 /* Debug */ = {
			isa = XCBuildConfiguration;
			buildSettings = {
				ALWAYS_SEARCH_USER_PATHS = NO;
				CLANG_ANALYZER_NONNULL = YES;
				CLANG_ANALYZER_NUMBER_OBJECT_CONVERSION = YES_AGGRESSIVE;
				CLANG_CXX_LANGUAGE_STANDARD = "gnu++14";
				CLANG_CXX_LIBRARY = "libc++";
				CLANG_ENABLE_MODULES = YES;
				CLANG_ENABLE_OBJC_ARC = YES;
				CLANG_WARN_BLOCK_CAPTURE_AUTORELEASING = YES;
				CLANG_WARN_BOOL_CONVERSION = YES;
				CLANG_WARN_COMMA = YES;
				CLANG_WARN_CONSTANT_CONVERSION = YES;
				CLANG_WARN_DIRECT_OBJC_ISA_USAGE = YES_ERROR;
				CLANG_WARN_DOCUMENTATION_COMMENTS = YES;
				CLANG_WARN_EMPTY_BODY = YES;
				CLANG_WARN_ENUM_CONVERSION = YES;
				CLANG_WARN_INFINITE_RECURSION = YES;
				CLANG_WARN_INT_CONVERSION = YES;
				CLANG_WARN_NON_LITERAL_NULL_CONVERSION = YES;
				CLANG_WARN_OBJC_LITERAL_CONVERSION = YES;
				CLANG_WARN_OBJC_ROOT_CLASS = YES_ERROR;
				CLANG_WARN_RANGE_LOOP_ANALYSIS = YES;
				CLANG_WARN_STRICT_PROTOTYPES = YES;
				CLANG_WARN_SUSPICIOUS_MOVE = YES;
				CLANG_WARN_UNGUARDED_AVAILABILITY = YES_AGGRESSIVE;
				CLANG_WARN_UNREACHABLE_CODE = YES;
				CLANG_WARN__DUPLICATE_METHOD_MATCH = YES;
				CODE_SIGN_IDENTITY = "-";
				COPY_PHASE_STRIP = NO;
				DEBUG_INFORMATION_FORMAT = dwarf;
				ENABLE_STRICT_OBJC_MSGSEND = YES;
				ENABLE_TESTABILITY = YES;
				GCC_C_LANGUAGE_STANDARD = gnu11;
				GCC_DYNAMIC_NO_PIC = NO;
				GCC_NO_COMMON_BLOCKS = YES;
				GCC_OPTIMIZATION_LEVEL = 0;
				GCC_PREPROCESSOR_DEFINITIONS = (
					"DEBUG=1",
					"$(inherited)",
				);
				GCC_WARN_64_TO_32_BIT_CONVERSION = YES;
				GCC_WARN_ABOUT_RETURN_TYPE = YES_ERROR;
				GCC_WARN_UNDECLARED_SELECTOR = YES;
				GCC_WARN_UNINITIALIZED_AUTOS = YES_AGGRESSIVE;
				GCC_WARN_UNUSED_FUNCTION = YES;
				GCC_WARN_UNUSED_VARIABLE = YES;
				MACOSX_DEPLOYMENT_TARGET = 10.13;
				MTL_ENABLE_DEBUG_INFO = YES;
				ONLY_ACTIVE_ARCH = YES;
				SDKROOT = macosx;
			};
			name = Debug;
		};
		C14DF7E0202A6A9900C449B6 /* Release */ = {
			isa = XCBuildConfiguration;
			buildSettings = {
				ALWAYS_SEARCH_USER_PATHS = NO;
				CLANG_ANALYZER_NONNULL = YES;
				CLANG_ANALYZER_NUMBER_OBJECT_CONVERSION = YES_AGGRESSIVE;
				CLANG_CXX_LANGUAGE_STANDARD = "gnu++14";
				CLANG_CXX_LIBRARY = "libc++";
				CLANG_ENABLE_MODULES = YES;
				CLANG_ENABLE_OBJC_ARC = YES;
				CLANG_WARN_BLOCK_CAPTURE_AUTORELEASING = YES;
				CLANG_WARN_BOOL_CONVERSION = YES;
				CLANG_WARN_COMMA = YES;
				CLANG_WARN_CONSTANT_CONVERSION = YES;
				CLANG_WARN_DIRECT_OBJC_ISA_USAGE = YES_ERROR;
				CLANG_WARN_DOCUMENTATION_COMMENTS = YES;
				CLANG_WARN_EMPTY_BODY = YES;
				CLANG_WARN_ENUM_CONVERSION = YES;
				CLANG_WARN_INFINITE_RECURSION = YES;
				CLANG_WARN_INT_CONVERSION = YES;
				CLANG_WARN_NON_LITERAL_NULL_CONVERSION = YES;
				CLANG_WARN_OBJC_LITERAL_CONVERSION = YES;
				CLANG_WARN_OBJC_ROOT_CLASS = YES_ERROR;
				CLANG_WARN_RANGE_LOOP_ANALYSIS = YES;
				CLANG_WARN_STRICT_PROTOTYPES = YES;
				CLANG_WARN_SUSPICIOUS_MOVE = YES;
				CLANG_WARN_UNGUARDED_AVAILABILITY = YES_AGGRESSIVE;
				CLANG_WARN_UNREACHABLE_CODE = YES;
				CLANG_WARN__DUPLICATE_METHOD_MATCH = YES;
				CODE_SIGN_IDENTITY = "-";
				COPY_PHASE_STRIP = NO;
				DEBUG_INFORMATION_FORMAT = "dwarf-with-dsym";
				ENABLE_NS_ASSERTIONS = NO;
				ENABLE_STRICT_OBJC_MSGSEND = YES;
				GCC_C_LANGUAGE_STANDARD = gnu11;
				GCC_NO_COMMON_BLOCKS = YES;
				GCC_WARN_64_TO_32_BIT_CONVERSION = YES;
				GCC_WARN_ABOUT_RETURN_TYPE = YES_ERROR;
				GCC_WARN_UNDECLARED_SELECTOR = YES;
				GCC_WARN_UNINITIALIZED_AUTOS = YES_AGGRESSIVE;
				GCC_WARN_UNUSED_FUNCTION = YES;
				GCC_WARN_UNUSED_VARIABLE = YES;
				MACOSX_DEPLOYMENT_TARGET = 10.13;
				MTL_ENABLE_DEBUG_INFO = NO;
				SDKROOT = macosx;
			};
			name = Release;
		};
		C14DF7E2202A6A9900C449B6 /* Debug */ = {
			isa = XCBuildConfiguration;
			buildSettings = {
				CODE_SIGN_STYLE = Automatic;
				HEADER_SEARCH_PATHS = (
					/Developer/glm,
					"/Developer/glfw-3.2.1/include",
				);
				LIBRARY_SEARCH_PATHS = "/Developer/glfw-3.2.1/src";
				PRODUCT_NAME = "$(TARGET_NAME)";
			};
			name = Debug;
		};
		C14DF7E3202A6A9900C449B6 /* Release */ = {
			isa = XCBuildConfiguration;
			buildSettings = {
				CODE_SIGN_STYLE = Automatic;
				HEADER_SEARCH_PATHS = (
					/Developer/glm,
					"/Developer/glfw-3.2.1/include",
				);
				LIBRARY_SEARCH_PATHS = "/Developer/glfw-3.2.1/src";
				PRODUCT_NAME = "$(TARGET_NAME)";
			};
			name = Release;
		};
/* End XCBuildConfiguration section */

/* Begin XCConfigurationList section */
		C14DF7D5202A6A9900C449B6 /* Build configuration list for PBXProject "Assignment2" */ = {
			isa = XCConfigurationList;
			buildConfigurations = (
				C14DF7DF202A6A9900C449B6 /* Debug */,
				C14DF7E0202A6A9900C449B6 /* Release */,
			);
			defaultConfigurationIsVisible = 0;
			defaultConfigurationName = Release;
		};
		C14DF7E1202A6A9900C449B6 /* Build configuration list for PBXNativeTarget "Assignment2" */ = {
			isa = XCConfigurationList;
			buildConfigurations = (
				C14DF7E2202A6A9900C449B6 /* Debug */,
				C14DF7E3202A6A9900C449B6 /* Release */,
			);
			defaultConfigurationIsVisible = 0;
			defaultConfigurationName = Release;
		};
/* End XCConfigurationList section */
	};
	rootObject = C14DF7D2202A6A9900C449B6 /* Project object */;
}
